
Microsoft Visual Studio Solution File, Format Version 12.00
# Visual Studio Version 17
VisualStudioVersion = 17.1.32328.378
MinimumVisualStudioVersion = 10.0.40219.1
Project("{FAE04EC0-301F-11D3-BF4B-00C04F79EFBC}") = "TakeHomeChampionship", "TakeHomeChampionship\TakeHomeChampionship.csproj", "{EDAF86E5-2E46-4CFC-A8D2-7D4EE5A15406}"
EndProject
Global
	GlobalSection(SolutionConfigurationPlatforms) = preSolution
		Debug|Any CPU = Debug|Any CPU
		Release|Any CPU = Release|Any CPU
	EndGlobalSection
	GlobalSection(ProjectConfigurationPlatforms) = postSolution
		{EDAF86E5-2E46-4CFC-A8D2-7D4EE5A15406}.Debug|Any CPU.ActiveCfg = Debug|Any CPU
		{EDAF86E5-2E46-4CFC-A8D2-7D4EE5A15406}.Debug|Any CPU.Build.0 = Debug|Any CPU
		{EDAF86E5-2E46-4CFC-A8D2-7D4EE5A15406}.Release|Any CPU.ActiveCfg = Release|Any CPU
		{EDAF86E5-2E46-4CFC-A8D2-7D4EE5A15406}.Release|Any CPU.Build.0 = Release|Any CPU
	EndGlobalSection
	GlobalSection(SolutionProperties) = preSolution
		HideSolutionNode = FALSE
	EndGlobalSection
	GlobalSection(ExtensibilityGlobals) = postSolution
		SolutionGuid = {0A75B474-07B9-430B-9BED-C92386BC908C}
	EndGlobalSection
EndGlobal
